
Microsoft Visual Studio Solution File, Format Version 12.00
# Visual Studio Version 17
VisualStudioVersion = 17.3.32929.385
MinimumVisualStudioVersion = 10.0.40219.1
Project("{9A19103F-16F7-4668-BE54-9A1E7A4F7556}") = "CourseScraper", "CourseScraper\CourseScraper.csproj", "{173A72B5-9B09-4C36-A378-92903D6B94CA}"
EndProject
Project("{9A19103F-16F7-4668-BE54-9A1E7A4F7556}") = "TAApplication", "taapplication-doubleli-2-0-2\TAApplication\TAApplication.csproj", "{0722363F-CC6B-431F-9916-2A291FF10253}"
EndProject
Global
	GlobalSection(SolutionConfigurationPlatforms) = preSolution
		Debug|Any CPU = Debug|Any CPU
		Release|Any CPU = Release|Any CPU
	EndGlobalSection
	GlobalSection(ProjectConfigurationPlatforms) = postSolution
		{173A72B5-9B09-4C36-A378-92903D6B94CA}.Debug|Any CPU.ActiveCfg = Debug|Any CPU
		{173A72B5-9B09-4C36-A378-92903D6B94CA}.Debug|Any CPU.Build.0 = Debug|Any CPU
		{173A72B5-9B09-4C36-A378-92903D6B94CA}.Release|Any CPU.ActiveCfg = Release|Any CPU
		{173A72B5-9B09-4C36-A378-92903D6B94CA}.Release|Any CPU.Build.0 = Release|Any CPU
		{0722363F-CC6B-431F-9916-2A291FF10253}.Debug|Any CPU.ActiveCfg = Debug|Any CPU
		{0722363F-CC6B-431F-9916-2A291FF10253}.Debug|Any CPU.Build.0 = Debug|Any CPU
		{0722363F-CC6B-431F-9916-2A291FF10253}.Release|Any CPU.ActiveCfg = Release|Any CPU
		{0722363F-CC6B-431F-9916-2A291FF10253}.Release|Any CPU.Build.0 = Release|Any CPU
	EndGlobalSection
	GlobalSection(SolutionProperties) = preSolution
		HideSolutionNode = FALSE
	EndGlobalSection
	GlobalSection(ExtensibilityGlobals) = postSolution
		SolutionGuid = {FD0909CB-178F-4339-8998-DECE2BFA371B}
	EndGlobalSection
EndGlobal
